
Microsoft Visual Studio Solution File, Format Version 12.00
# Visual Studio 15
VisualStudioVersion = 15.0.28010.2046
MinimumVisualStudioVersion = 10.0.40219.1
Project("{FAE04EC0-301F-11D3-BF4B-00C04F79EFBC}") = "01SumOfBiggestNumber", "01SumOfBiggestNumber\01SumOfBiggestNumber.csproj", "{563C6984-EACE-46BB-B478-FEFACAD14340}"
EndProject
Project("{FAE04EC0-301F-11D3-BF4B-00C04F79EFBC}") = "02UserClass", "02UserClass\02UserClass.csproj", "{A31C201B-5590-4041-8284-61D43FAE69F2}"
EndProject
Project("{FAE04EC0-301F-11D3-BF4B-00C04F79EFBC}") = "03JohnTheRobot", "03JohnTheRobot\03JohnTheRobot.csproj", "{14BC1B33-DACD-42D6-A27C-176799281D42}"
EndProject
Project("{FAE04EC0-301F-11D3-BF4B-00C04F79EFBC}") = "04AlexaSettings", "04AlexaSettings\04AlexaSettings.csproj", "{6D474FB4-2574-4D34-AC42-D95D99272E65}"
EndProject
Project("{FAE04EC0-301F-11D3-BF4B-00C04F79EFBC}") = "05MethodSignature", "05MethodSignature\05MethodSignature.csproj", "{7714A8BC-9E1D-4858-83F5-6301E98F852C}"
EndProject
Global
	GlobalSection(SolutionConfigurationPlatforms) = preSolution
		Debug|Any CPU = Debug|Any CPU
		Release|Any CPU = Release|Any CPU
	EndGlobalSection
	GlobalSection(ProjectConfigurationPlatforms) = postSolution
		{563C6984-EACE-46BB-B478-FEFACAD14340}.Debug|Any CPU.ActiveCfg = Debug|Any CPU
		{563C6984-EACE-46BB-B478-FEFACAD14340}.Debug|Any CPU.Build.0 = Debug|Any CPU
		{563C6984-EACE-46BB-B478-FEFACAD14340}.Release|Any CPU.ActiveCfg = Release|Any CPU
		{563C6984-EACE-46BB-B478-FEFACAD14340}.Release|Any CPU.Build.0 = Release|Any CPU
		{A31C201B-5590-4041-8284-61D43FAE69F2}.Debug|Any CPU.ActiveCfg = Debug|Any CPU
		{A31C201B-5590-4041-8284-61D43FAE69F2}.Debug|Any CPU.Build.0 = Debug|Any CPU
		{A31C201B-5590-4041-8284-61D43FAE69F2}.Release|Any CPU.ActiveCfg = Release|Any CPU
		{A31C201B-5590-4041-8284-61D43FAE69F2}.Release|Any CPU.Build.0 = Release|Any CPU
		{14BC1B33-DACD-42D6-A27C-176799281D42}.Debug|Any CPU.ActiveCfg = Debug|Any CPU
		{14BC1B33-DACD-42D6-A27C-176799281D42}.Debug|Any CPU.Build.0 = Debug|Any CPU
		{14BC1B33-DACD-42D6-A27C-176799281D42}.Release|Any CPU.ActiveCfg = Release|Any CPU
		{14BC1B33-DACD-42D6-A27C-176799281D42}.Release|Any CPU.Build.0 = Release|Any CPU
		{6D474FB4-2574-4D34-AC42-D95D99272E65}.Debug|Any CPU.ActiveCfg = Debug|Any CPU
		{6D474FB4-2574-4D34-AC42-D95D99272E65}.Debug|Any CPU.Build.0 = Debug|Any CPU
		{6D474FB4-2574-4D34-AC42-D95D99272E65}.Release|Any CPU.ActiveCfg = Release|Any CPU
		{6D474FB4-2574-4D34-AC42-D95D99272E65}.Release|Any CPU.Build.0 = Release|Any CPU
		{7714A8BC-9E1D-4858-83F5-6301E98F852C}.Debug|Any CPU.ActiveCfg = Debug|Any CPU
		{7714A8BC-9E1D-4858-83F5-6301E98F852C}.Debug|Any CPU.Build.0 = Debug|Any CPU
		{7714A8BC-9E1D-4858-83F5-6301E98F852C}.Release|Any CPU.ActiveCfg = Release|Any CPU
		{7714A8BC-9E1D-4858-83F5-6301E98F852C}.Release|Any CPU.Build.0 = Release|Any CPU
	EndGlobalSection
	GlobalSection(SolutionProperties) = preSolution
		HideSolutionNode = FALSE
	EndGlobalSection
	GlobalSection(ExtensibilityGlobals) = postSolution
		SolutionGuid = {81308797-F637-4F91-A01C-043D272A490E}
	EndGlobalSection
EndGlobal
